PODS:
  - Kingfisher (4.8.0)
  - Starscream (3.0.5)

DEPENDENCIES:
  - Kingfisher
  - Starscream

SPEC REPOS:
  https://github.com/cocoapods/specs.git:
    - Kingfisher
    - Starscream

SPEC CHECKSUMS:
  Kingfisher: 976d828df2b24834c6a3f2fc4d82cdbd26552be1
  Starscream: faf918b2f2eff7d5dd21180646bf015a669673bd

PODFILE CHECKSUM: 2856f2dad86ccbce37ddd4188fe79a68eec2c330

COCOAPODS: 1.5.3
